
Microsoft Visual Studio Solution File, Format Version 12.00
# Visual Studio Version 17
VisualStudioVersion = 17.11.35208.52
MinimumVisualStudioVersion = 10.0.40219.1
Project("{FAE04EC0-301F-11D3-BF4B-00C04F79EFBC}") = "Trigraphic-GameEngineV1", "Trigraphic-GameEngineV1\Trigraphic-GameEngineV1.csproj", "{9979DBBE-528E-4927-8370-79315620F5F1}"
EndProject
Global
	GlobalSection(SolutionConfigurationPlatforms) = preSolution
		Debug|Any CPU = Debug|Any CPU
		Release|Any CPU = Release|Any CPU
	EndGlobalSection
	GlobalSection(ProjectConfigurationPlatforms) = postSolution
		{9979DBBE-528E-4927-8370-79315620F5F1}.Debug|Any CPU.ActiveCfg = Debug|Any CPU
		{9979DBBE-528E-4927-8370-79315620F5F1}.Debug|Any CPU.Build.0 = Debug|Any CPU
		{9979DBBE-528E-4927-8370-79315620F5F1}.Release|Any CPU.ActiveCfg = Release|Any CPU
		{9979DBBE-528E-4927-8370-79315620F5F1}.Release|Any CPU.Build.0 = Release|Any CPU
	EndGlobalSection
	GlobalSection(SolutionProperties) = preSolution
		HideSolutionNode = FALSE
	EndGlobalSection
	GlobalSection(ExtensibilityGlobals) = postSolution
		SolutionGuid = {C93E936B-1E39-48DE-947D-CBBC37452E31}
	EndGlobalSection
EndGlobal
